
Microsoft Visual Studio Solution File, Format Version 12.00
# Visual Studio 2013
VisualStudioVersion = 12.0.31101.0
MinimumVisualStudioVersion = 10.0.40219.1
Project("{FAE04EC0-301F-11D3-BF4B-00C04F79EFBC}") = "AlphaCamp", "AlphaCamp\AlphaCamp.csproj", "{B4A2A65C-946B-4BC0-A2C2-3BA64742CFE6}"
EndProject
Project("{FAE04EC0-301F-11D3-BF4B-00C04F79EFBC}") = "AlphaCamp.Tests", "AlphaCamp.Tests\AlphaCamp.Tests.csproj", "{DAC0B386-262F-4C03-9FF9-CE16B2777AF1}"
EndProject
Global
	GlobalSection(SolutionConfigurationPlatforms) = preSolution
		Debug|Any CPU = Debug|Any CPU
		Release|Any CPU = Release|Any CPU
	EndGlobalSection
	GlobalSection(ProjectConfigurationPlatforms) = postSolution
		{B4A2A65C-946B-4BC0-A2C2-3BA64742CFE6}.Debug|Any CPU.ActiveCfg = Debug|Any CPU
		{B4A2A65C-946B-4BC0-A2C2-3BA64742CFE6}.Debug|Any CPU.Build.0 = Debug|Any CPU
		{B4A2A65C-946B-4BC0-A2C2-3BA64742CFE6}.Release|Any CPU.ActiveCfg = Release|Any CPU
		{B4A2A65C-946B-4BC0-A2C2-3BA64742CFE6}.Release|Any CPU.Build.0 = Release|Any CPU
		{DAC0B386-262F-4C03-9FF9-CE16B2777AF1}.Debug|Any CPU.ActiveCfg = Debug|Any CPU
		{DAC0B386-262F-4C03-9FF9-CE16B2777AF1}.Debug|Any CPU.Build.0 = Debug|Any CPU
		{DAC0B386-262F-4C03-9FF9-CE16B2777AF1}.Release|Any CPU.ActiveCfg = Release|Any CPU
		{DAC0B386-262F-4C03-9FF9-CE16B2777AF1}.Release|Any CPU.Build.0 = Release|Any CPU
	EndGlobalSection
	GlobalSection(SolutionProperties) = preSolution
		HideSolutionNode = FALSE
	EndGlobalSection
EndGlobal
